// !$*UTF8*$!
{
	archiveVersion = 1;
	classes = {
	};
	objectVersion = 50;
	objects = {

/* Begin PBXBuildFile section */
		1E71A4452379946400201EE9 /* LoginUseCase.swift in Sources */ = {isa = PBXBuildFile; fileRef = 1E71A4442379946400201EE9 /* LoginUseCase.swift */; };
		1E71A447237994C800201EE9 /* LoginPresenter.swift in Sources */ = {isa = PBXBuildFile; fileRef = 1E71A446237994C800201EE9 /* LoginPresenter.swift */; };
		1E71A4492379951400201EE9 /* CrashlyticsLoginTracker.swift in Sources */ = {isa = PBXBuildFile; fileRef = 1E71A4482379951400201EE9 /* CrashlyticsLoginTracker.swift */; };
		1E71A44B2379955000201EE9 /* FirebaseAnalyticsLoginTracker.swift in Sources */ = {isa = PBXBuildFile; fileRef = 1E71A44A2379955000201EE9 /* FirebaseAnalyticsLoginTracker.swift */; };
		1E71A44D2379963500201EE9 /* LoginUseCaseOutputComposer.swift in Sources */ = {isa = PBXBuildFile; fileRef = 1E71A44C2379963500201EE9 /* LoginUseCaseOutputComposer.swift */; };
		1E71A45D237997FF00201EE9 /* LoginUseCaseOutputComposerTests.swift in Sources */ = {isa = PBXBuildFile; fileRef = 1E71A45C237997FF00201EE9 /* LoginUseCaseOutputComposerTests.swift */; };
		1E71A45F2379995200201EE9 /* AppDelegate.swift in Sources */ = {isa = PBXBuildFile; fileRef = 1E71A45E2379995200201EE9 /* AppDelegate.swift */; };
		1E71A46123799AAD00201EE9 /* LoginUseCaseFactoryTests.swift in Sources */ = {isa = PBXBuildFile; fileRef = 1E71A46023799AAD00201EE9 /* LoginUseCaseFactoryTests.swift */; };
		1E71A46323799AEF00201EE9 /* LoginUseCaseFactory.swift in Sources */ = {isa = PBXBuildFile; fileRef = 1E71A46223799AEF00201EE9 /* LoginUseCaseFactory.swift */; };
/* End PBXBuildFile section */

/* Begin PBXContainerItemProxy section */
		1E71A457237997DC00201EE9 /* PBXContainerItemProxy */ = {
			isa = PBXContainerItemProxy;
			containerPortal = 1E71A421237993D100201EE9 /* Project object */;
			proxyType = 1;
			remoteGlobalIDString = 1E71A428237993D100201EE9;
			remoteInfo = AnalyticsArchitectureComposition;
		};
/* End PBXContainerItemProxy section */

/* Begin PBXFileReference section */
		1E71A429237993D100201EE9 /* AnalyticsArchitectureComposition.app */ = {isa = PBXFileReference; explicitFileType = wrapper.application; includeInIndex = 0; path = AnalyticsArchitectureComposition.app; sourceTree = BUILT_PRODUCTS_DIR; };
		1E71A43A237993D200201EE9 /* Info.plist */ = {isa = PBXFileReference; lastKnownFileType = text.plist.xml; path = Info.plist; sourceTree = "<group>"; };
		1E71A4442379946400201EE9 /* LoginUseCase.swift */ = {isa = PBXFileReference; lastKnownFileType = sourcecode.swift; path = LoginUseCase.swift; sourceTree = "<group>"; };
		1E71A446237994C800201EE9 /* LoginPresenter.swift */ = {isa = PBXFileReference; lastKnownFileType = sourcecode.swift; path = LoginPresenter.swift; sourceTree = "<group>"; };
		1E71A4482379951400201EE9 /* CrashlyticsLoginTracker.swift */ = {isa = PBXFileReference; lastKnownFileType = sourcecode.swift; path = CrashlyticsLoginTracker.swift; sourceTree = "<group>"; };
		1E71A44A2379955000201EE9 /* FirebaseAnalyticsLoginTracker.swift */ = {isa = PBXFileReference; lastKnownFileType = sourcecode.swift; path = FirebaseAnalyticsLoginTracker.swift; sourceTree = "<group>"; };
		1E71A44C2379963500201EE9 /* LoginUseCaseOutputComposer.swift */ = {isa = PBXFileReference; lastKnownFileType = sourcecode.swift; path = LoginUseCaseOutputComposer.swift; sourceTree = "<group>"; };
		1E71A452237997DC00201EE9 /* AnalyticsArchitectureCompositionTests.xctest */ = {isa = PBXFileReference; explicitFileType = wrapper.cfbundle; includeInIndex = 0; path = AnalyticsArchitectureCompositionTests.xctest; sourceTree = BUILT_PRODUCTS_DIR; };
		1E71A456237997DC00201EE9 /* Info.plist */ = {isa = PBXFileReference; lastKnownFileType = text.plist.xml; path = Info.plist; sourceTree = "<group>"; };
		1E71A45C237997FF00201EE9 /* LoginUseCaseOutputComposerTests.swift */ = {isa = PBXFileReference; lastKnownFileType = sourcecode.swift; path = LoginUseCaseOutputComposerTests.swift; sourceTree = "<group>"; };
		1E71A45E2379995200201EE9 /* AppDelegate.swift */ = {isa = PBXFileReference; fileEncoding = 4; lastKnownFileType = sourcecode.swift; path = AppDelegate.swift; sourceTree = "<group>"; };
		1E71A46023799AAD00201EE9 /* LoginUseCaseFactoryTests.swift */ = {isa = PBXFileReference; lastKnownFileType = sourcecode.swift; path = LoginUseCaseFactoryTests.swift; sourceTree = "<group>"; };
		1E71A46223799AEF00201EE9 /* LoginUseCaseFactory.swift */ = {isa = PBXFileReference; lastKnownFileType = sourcecode.swift; path = LoginUseCaseFactory.swift; sourceTree = "<group>"; };
/* End PBXFileReference section */

/* Begin PBXFrameworksBuildPhase section */
		1E71A426237993D100201EE9 /* Frameworks */ = {
			isa = PBXFrameworksBuildPhase;
			buildActionMask = 2147483647;
			files = (
			);
			runOnlyForDeploymentPostprocessing = 0;
		};
		1E71A44F237997DC00201EE9 /* Frameworks */ = {
			isa = PBXFrameworksBuildPhase;
			buildActionMask = 2147483647;
			files = (
			);
			runOnlyForDeploymentPostprocessing = 0;
		};
/* End PBXFrameworksBuildPhase section */

/* Begin PBXGroup section */
		1E71A420237993D100201EE9 = {
			isa = PBXGroup;
			children = (
				1E71A42B237993D100201EE9 /* AnalyticsArchitectureComposition */,
				1E71A453237997DC00201EE9 /* AnalyticsArchitectureCompositionTests */,
				1E71A42A237993D100201EE9 /* Products */,
			);
			sourceTree = "<group>";
		};
		1E71A42A237993D100201EE9 /* Products */ = {
			isa = PBXGroup;
			children = (
				1E71A429237993D100201EE9 /* AnalyticsArchitectureComposition.app */,
				1E71A452237997DC00201EE9 /* AnalyticsArchitectureCompositionTests.xctest */,
			);
			name = Products;
			sourceTree = "<group>";
		};
		1E71A42B237993D100201EE9 /* AnalyticsArchitectureComposition */ = {
			isa = PBXGroup;
			children = (
				1E71A45E2379995200201EE9 /* AppDelegate.swift */,
				1E71A440237993FD00201EE9 /* Business Logic */,
				1E71A4412379940600201EE9 /* Presenter */,
				1E71A4422379941200201EE9 /* Analytics */,
				1E71A4432379941600201EE9 /* Main */,
				1E71A43A237993D200201EE9 /* Info.plist */,
			);
			path = AnalyticsArchitectureComposition;
			sourceTree = "<group>";
		};
		1E71A440237993FD00201EE9 /* Business Logic */ = {
			isa = PBXGroup;
			children = (
				1E71A4442379946400201EE9 /* LoginUseCase.swift */,
			);
			path = "Business Logic";
			sourceTree = "<group>";
		};
		1E71A4412379940600201EE9 /* Presenter */ = {
			isa = PBXGroup;
			children = (
				1E71A446237994C800201EE9 /* LoginPresenter.swift */,
			);
			path = Presenter;
			sourceTree = "<group>";
		};
		1E71A4422379941200201EE9 /* Analytics */ = {
			isa = PBXGroup;
			children = (
				1E71A4482379951400201EE9 /* CrashlyticsLoginTracker.swift */,
				1E71A44A2379955000201EE9 /* FirebaseAnalyticsLoginTracker.swift */,
			);
			path = Analytics;
			sourceTree = "<group>";
		};
		1E71A4432379941600201EE9 /* Main */ = {
			isa = PBXGroup;
			children = (
				1E71A44C2379963500201EE9 /* LoginUseCaseOutputComposer.swift */,
				1E71A46223799AEF00201EE9 /* LoginUseCaseFactory.swift */,
			);
			path = Main;
			sourceTree = "<group>";
		};
		1E71A453237997DC00201EE9 /* AnalyticsArchitectureCompositionTests */ = {
			isa = PBXGroup;
			children = (
				1E71A456237997DC00201EE9 /* Info.plist */,
				1E71A46423799C7A00201EE9 /* Main */,
			);
			path = AnalyticsArchitectureCompositionTests;
			sourceTree = "<group>";
		};
		1E71A46423799C7A00201EE9 /* Main */ = {
			isa = PBXGroup;
			children = (
				1E71A45C237997FF00201EE9 /* LoginUseCaseOutputComposerTests.swift */,
				1E71A46023799AAD00201EE9 /* LoginUseCaseFactoryTests.swift */,
			);
			path = Main;
			sourceTree = "<group>";
		};
/* End PBXGroup section */

/* Begin PBXNativeTarget section */
		1E71A428237993D100201EE9 /* AnalyticsArchitectureComposition */ = {
			isa = PBXNativeTarget;
			buildConfigurationList = 1E71A43D237993D200201EE9 /* Build configuration list for PBXNativeTarget "AnalyticsArchitectureComposition" */;
			buildPhases = (
				1E71A425237993D100201EE9 /* Sources */,
				1E71A426237993D100201EE9 /* Frameworks */,
				1E71A427237993D100201EE9 /* Resources */,
			);
			buildRules = (
			);
			dependencies = (
			);
			name = AnalyticsArchitectureComposition;
			productName = AnalyticsArchitectureComposition;
			productReference = 1E71A429237993D100201EE9 /* AnalyticsArchitectureComposition.app */;
			productType = "com.apple.product-type.application";
		};
		1E71A451237997DC00201EE9 /* AnalyticsArchitectureCompositionTests */ = {
			isa = PBXNativeTarget;
			buildConfigurationList = 1E71A459237997DC00201EE9 /* Build configuration list for PBXNativeTarget "AnalyticsArchitectureCompositionTests" */;
			buildPhases = (
				1E71A44E237997DC00201EE9 /* Sources */,
				1E71A44F237997DC00201EE9 /* Frameworks */,
				1E71A450237997DC00201EE9 /* Resources */,
			);
			buildRules = (
			);
			dependencies = (
				1E71A458237997DC00201EE9 /* PBXTargetDependency */,
			);
			name = AnalyticsArchitectureCompositionTests;
			productName = AnalyticsArchitectureCompositionTests;
			productReference = 1E71A452237997DC00201EE9 /* AnalyticsArchitectureCompositionTests.xctest */;
			productType = "com.apple.product-type.bundle.unit-test";
		};
/* End PBXNativeTarget section */

/* Begin PBXProject section */
		1E71A421237993D100201EE9 /* Project object */ = {
			isa = PBXProject;
			attributes = {
				LastSwiftUpdateCheck = 1120;
				LastUpgradeCheck = 1120;
				ORGANIZATIONNAME = "Kevin Li";
				TargetAttributes = {
					1E71A428237993D100201EE9 = {
						CreatedOnToolsVersion = 11.2;
						LastSwiftMigration = 1120;
					};
					1E71A451237997DC00201EE9 = {
						CreatedOnToolsVersion = 11.2;
						LastSwiftMigration = 1120;
						TestTargetID = 1E71A428237993D100201EE9;
					};
				};
			};
			buildConfigurationList = 1E71A424237993D100201EE9 /* Build configuration list for PBXProject "AnalyticsArchitectureComposition" */;
			compatibilityVersion = "Xcode 9.3";
			developmentRegion = en;
			hasScannedForEncodings = 0;
			knownRegions = (
				en,
				Base,
			);
			mainGroup = 1E71A420237993D100201EE9;
			productRefGroup = 1E71A42A237993D100201EE9 /* Products */;
			projectDirPath = "";
			projectRoot = "";
			targets = (
				1E71A428237993D100201EE9 /* AnalyticsArchitectureComposition */,
				1E71A451237997DC00201EE9 /* AnalyticsArchitectureCompositionTests */,
			);
		};
/* End PBXProject section */

/* Begin PBXResourcesBuildPhase section */
		1E71A427237993D100201EE9 /* Resources */ = {
			isa = PBXResourcesBuildPhase;
			buildActionMask = 2147483647;
			files = (
			);
			runOnlyForDeploymentPostprocessing = 0;
		};
		1E71A450237997DC00201EE9 /* Resources */ = {
			isa = PBXResourcesBuildPhase;
			buildActionMask = 2147483647;
			files = (
			);
			runOnlyForDeploymentPostprocessing = 0;
		};
/* End PBXResourcesBuildPhase section */

/* Begin PBXSourcesBuildPhase section */
		1E71A425237993D100201EE9 /* Sources */ = {
			isa = PBXSourcesBuildPhase;
			buildActionMask = 2147483647;
			files = (
				1E71A45F2379995200201EE9 /* AppDelegate.swift in Sources */,
				1E71A44B2379955000201EE9 /* FirebaseAnalyticsLoginTracker.swift in Sources */,
				1E71A46323799AEF00201EE9 /* LoginUseCaseFactory.swift in Sources */,
				1E71A44D2379963500201EE9 /* LoginUseCaseOutputComposer.swift in Sources */,
				1E71A447237994C800201EE9 /* LoginPresenter.swift in Sources */,
				1E71A4492379951400201EE9 /* CrashlyticsLoginTracker.swift in Sources */,
				1E71A4452379946400201EE9 /* LoginUseCase.swift in Sources */,
			);
			runOnlyForDeploymentPostprocessing = 0;
		};
		1E71A44E237997DC00201EE9 /* Sources */ = {
			isa = PBXSourcesBuildPhase;
			buildActionMask = 2147483647;
			files = (
				1E71A46123799AAD00201EE9 /* LoginUseCaseFactoryTests.swift in Sources */,
				1E71A45D237997FF00201EE9 /* LoginUseCaseOutputComposerTests.swift in Sources */,
			);
			runOnlyForDeploymentPostprocessing = 0;
		};
/* End PBXSourcesBuildPhase section */

/* Begin PBXTargetDependency section */
		1E71A458237997DC00201EE9 /* PBXTargetDependency */ = {
			isa = PBXTargetDependency;
			target = 1E71A428237993D100201EE9 /* AnalyticsArchitectureComposition */;
			targetProxy = 1E71A457237997DC00201EE9 /* PBXContainerItemProxy */;
		};
/* End PBXTargetDependency section */

/* Begin XCBuildConfiguration section */
		1E71A43B237993D200201EE9 /* Debug */ = {
			isa = XCBuildConfiguration;
			buildSettings = {
				ALWAYS_SEARCH_USER_PATHS = NO;
				CLANG_ANALYZER_NONNULL = YES;
				CLANG_ANALYZER_NUMBER_OBJECT_CONVERSION = YES_AGGRESSIVE;
				CLANG_CXX_LANGUAGE_STANDARD = "gnu++14";
				CLANG_CXX_LIBRARY = "libc++";
				CLANG_ENABLE_MODULES = YES;
				CLANG_ENABLE_OBJC_ARC = YES;
				CLANG_ENABLE_OBJC_WEAK = YES;
				CLANG_WARN_BLOCK_CAPTURE_AUTORELEASING = YES;
				CLANG_WARN_BOOL_CONVERSION = YES;
				CLANG_WARN_COMMA = YES;
				CLANG_WARN_CONSTANT_CONVERSION = YES;
				CLANG_WARN_DEPRECATED_OBJC_IMPLEMENTATIONS = YES;
				CLANG_WARN_DIRECT_OBJC_ISA_USAGE = YES_ERROR;
				CLANG_WARN_DOCUMENTATION_COMMENTS = YES;
				CLANG_WARN_EMPTY_BODY = YES;
				CLANG_WARN_ENUM_CONVERSION = YES;
				CLANG_WARN_INFINITE_RECURSION = YES;
				CLANG_WARN_INT_CONVERSION = YES;
				CLANG_WARN_NON_LITERAL_NULL_CONVERSION = YES;
				CLANG_WARN_OBJC_IMPLICIT_RETAIN_SELF = YES;
				CLANG_WARN_OBJC_LITERAL_CONVERSION = YES;
				CLANG_WARN_OBJC_ROOT_CLASS = YES_ERROR;
				CLANG_WARN_RANGE_LOOP_ANALYSIS = YES;
				CLANG_WARN_STRICT_PROTOTYPES = YES;
				CLANG_WARN_SUSPICIOUS_MOVE = YES;
				CLANG_WARN_UNGUARDED_AVAILABILITY = YES_AGGRESSIVE;
				CLANG_WARN_UNREACHABLE_CODE = YES;
				CLANG_WARN__DUPLICATE_METHOD_MATCH = YES;
				COPY_PHASE_STRIP = NO;
				DEBUG_INFORMATION_FORMAT = dwarf;
				ENABLE_STRICT_OBJC_MSGSEND = YES;
				ENABLE_TESTABILITY = YES;
				GCC_C_LANGUAGE_STANDARD = gnu11;
				GCC_DYNAMIC_NO_PIC = NO;
				GCC_NO_COMMON_BLOCKS = YES;
				GCC_OPTIMIZATION_LEVEL = 0;
				GCC_PREPROCESSOR_DEFINITIONS = (
					"DEBUG=1",
					"$(inherited)",
				);
				GCC_WARN_64_TO_32_BIT_CONVERSION = YES;
				GCC_WARN_ABOUT_RETURN_TYPE = YES_ERROR;
				GCC_WARN_UNDECLARED_SELECTOR = YES;
				GCC_WARN_UNINITIALIZED_AUTOS = YES_AGGRESSIVE;
				GCC_WARN_UNUSED_FUNCTION = YES;
				GCC_WARN_UNUSED_VARIABLE = YES;
				IPHONEOS_DEPLOYMENT_TARGET = 13.2;
				MTL_ENABLE_DEBUG_INFO = INCLUDE_SOURCE;
				MTL_FAST_MATH = YES;
				ONLY_ACTIVE_ARCH = YES;
				SDKROOT = iphoneos;
				SWIFT_ACTIVE_COMPILATION_CONDITIONS = DEBUG;
				SWIFT_OPTIMIZATION_LEVEL = "-Onone";
			};
			name = Debug;
		};
		1E71A43C237993D200201EE9 /* Release */ = {
			isa = XCBuildConfiguration;
			buildSettings = {
				ALWAYS_SEARCH_USER_PATHS = NO;
				CLANG_ANALYZER_NONNULL = YES;
				CLANG_ANALYZER_NUMBER_OBJECT_CONVERSION = YES_AGGRESSIVE;
				CLANG_CXX_LANGUAGE_STANDARD = "gnu++14";
				CLANG_CXX_LIBRARY = "libc++";
				CLANG_ENABLE_MODULES = YES;
				CLANG_ENABLE_OBJC_ARC = YES;
				CLANG_ENABLE_OBJC_WEAK = YES;
				CLANG_WARN_BLOCK_CAPTURE_AUTORELEASING = YES;
				CLANG_WARN_BOOL_CONVERSION = YES;
				CLANG_WARN_COMMA = YES;
				CLANG_WARN_CONSTANT_CONVERSION = YES;
				CLANG_WARN_DEPRECATED_OBJC_IMPLEMENTATIONS = YES;
				CLANG_WARN_DIRECT_OBJC_ISA_USAGE = YES_ERROR;
				CLANG_WARN_DOCUMENTATION_COMMENTS = YES;
				CLANG_WARN_EMPTY_BODY = YES;
				CLANG_WARN_ENUM_CONVERSION = YES;
				CLANG_WARN_INFINITE_RECURSION = YES;
				CLANG_WARN_INT_CONVERSION = YES;
				CLANG_WARN_NON_LITERAL_NULL_CONVERSION = YES;
				CLANG_WARN_OBJC_IMPLICIT_RETAIN_SELF = YES;
				CLANG_WARN_OBJC_LITERAL_CONVERSION = YES;
				CLANG_WARN_OBJC_ROOT_CLASS = YES_ERROR;
				CLANG_WARN_RANGE_LOOP_ANALYSIS = YES;
				CLANG_WARN_STRICT_PROTOTYPES = YES;
				CLANG_WARN_SUSPICIOUS_MOVE = YES;
				CLANG_WARN_UNGUARDED_AVAILABILITY = YES_AGGRESSIVE;
				CLANG_WARN_UNREACHABLE_CODE = YES;
				CLANG_WARN__DUPLICATE_METHOD_MATCH = YES;
				COPY_PHASE_STRIP = NO;
				DEBUG_INFORMATION_FORMAT = "dwarf-with-dsym";
				ENABLE_NS_ASSERTIONS = NO;
				ENABLE_STRICT_OBJC_MSGSEND = YES;
				GCC_C_LANGUAGE_STANDARD = gnu11;
				GCC_NO_COMMON_BLOCKS = YES;
				GCC_WARN_64_TO_32_BIT_CONVERSION = YES;
				GCC_WARN_ABOUT_RETURN_TYPE = YES_ERROR;
				GCC_WARN_UNDECLARED_SELECTOR = YES;
				GCC_WARN_UNINITIALIZED_AUTOS = YES_AGGRESSIVE;
				GCC_WARN_UNUSED_FUNCTION = YES;
				GCC_WARN_UNUSED_VARIABLE = YES;
				IPHONEOS_DEPLOYMENT_TARGET = 13.2;
				MTL_ENABLE_DEBUG_INFO = NO;
				MTL_FAST_MATH = YES;
				SDKROOT = iphoneos;
				SWIFT_COMPILATION_MODE = wholemodule;
				SWIFT_OPTIMIZATION_LEVEL = "-O";
				VALIDATE_PRODUCT = YES;
			};
			name = Release;
		};
		1E71A43E237993D200201EE9 /* Debug */ = {
			isa = XCBuildConfiguration;
			buildSettings = {
				ASSETCATALOG_COMPILER_APPICON_NAME = AppIcon;
				CLANG_ENABLE_MODULES = YES;
				CODE_SIGN_STYLE = Automatic;
				DEVELOPMENT_TEAM = 75H2NCGMKS;
				INFOPLIST_FILE = AnalyticsArchitectureComposition/Info.plist;
				LD_RUNPATH_SEARCH_PATHS = (
					"$(inherited)",
					"@executable_path/Frameworks",
				);
				PRODUCT_BUNDLE_IDENTIFIER = com.kevinli.AnalyticsArchitectureComposition;
				PRODUCT_NAME = "$(TARGET_NAME)";
				SWIFT_OPTIMIZATION_LEVEL = "-Onone";
				SWIFT_VERSION = 5.0;
				TARGETED_DEVICE_FAMILY = "1,2";
			};
			name = Debug;
		};
		1E71A43F237993D200201EE9 /* Release */ = {
			isa = XCBuildConfiguration;
			buildSettings = {
				ASSETCATALOG_COMPILER_APPICON_NAME = AppIcon;
				CLANG_ENABLE_MODULES = YES;
				CODE_SIGN_STYLE = Automatic;
				DEVELOPMENT_TEAM = 75H2NCGMKS;
				INFOPLIST_FILE = AnalyticsArchitectureComposition/Info.plist;
				LD_RUNPATH_SEARCH_PATHS = (
					"$(inherited)",
					"@executable_path/Frameworks",
				);
				PRODUCT_BUNDLE_IDENTIFIER = com.kevinli.AnalyticsArchitectureComposition;
				PRODUCT_NAME = "$(TARGET_NAME)";
				SWIFT_VERSION = 5.0;
				TARGETED_DEVICE_FAMILY = "1,2";
			};
			name = Release;
		};
		1E71A45A237997DC00201EE9 /* Debug */ = {
			isa = XCBuildConfiguration;
			buildSettings = {
				BUNDLE_LOADER = "$(TEST_HOST)";
				CLANG_ENABLE_MODULES = YES;
				CODE_SIGN_STYLE = Automatic;
				DEVELOPMENT_TEAM = 75H2NCGMKS;
				INFOPLIST_FILE = AnalyticsArchitectureCompositionTests/Info.plist;
				LD_RUNPATH_SEARCH_PATHS = (
					"$(inherited)",
					"@executable_path/Frameworks",
					"@loader_path/Frameworks",
				);
				PRODUCT_BUNDLE_IDENTIFIER = com.kevinli.AnalyticsArchitectureCompositionTests;
				PRODUCT_NAME = "$(TARGET_NAME)";
				SWIFT_OPTIMIZATION_LEVEL = "-Onone";
				SWIFT_VERSION = 5.0;
				TARGETED_DEVICE_FAMILY = "1,2";
				TEST_HOST = "$(BUILT_PRODUCTS_DIR)/AnalyticsArchitectureComposition.app/AnalyticsArchitectureComposition";
			};
			name = Debug;
		};
		1E71A45B237997DC00201EE9 /* Release */ = {
			isa = XCBuildConfiguration;
			buildSettings = {
				BUNDLE_LOADER = "$(TEST_HOST)";
				CLANG_ENABLE_MODULES = YES;
				CODE_SIGN_STYLE = Automatic;
				DEVELOPMENT_TEAM = 75H2NCGMKS;
				INFOPLIST_FILE = AnalyticsArchitectureCompositionTests/Info.plist;
				LD_RUNPATH_SEARCH_PATHS = (
					"$(inherited)",
					"@executable_path/Frameworks",
					"@loader_path/Frameworks",
				);
				PRODUCT_BUNDLE_IDENTIFIER = com.kevinli.AnalyticsArchitectureCompositionTests;
				PRODUCT_NAME = "$(TARGET_NAME)";
				SWIFT_VERSION = 5.0;
				TARGETED_DEVICE_FAMILY = "1,2";
				TEST_HOST = "$(BUILT_PRODUCTS_DIR)/AnalyticsArchitectureComposition.app/AnalyticsArchitectureComposition";
			};
			name = Release;
		};
/* End XCBuildConfiguration section */

/* Begin XCConfigurationList section */
		1E71A424237993D100201EE9 /* Build configuration list for PBXProject "AnalyticsArchitectureComposition" */ = {
			isa = XCConfigurationList;
			buildConfigurations = (
				1E71A43B237993D200201EE9 /* Debug */,
				1E71A43C237993D200201EE9 /* Release */,
			);
			defaultConfigurationIsVisible = 0;
			defaultConfigurationName = Release;
		};
		1E71A43D237993D200201EE9 /* Build configuration list for PBXNativeTarget "AnalyticsArchitectureComposition" */ = {
			isa = XCConfigurationList;
			buildConfigurations = (
				1E71A43E237993D200201EE9 /* Debug */,
				1E71A43F237993D200201EE9 /* Release */,
			);
			defaultConfigurationIsVisible = 0;
			defaultConfigurationName = Release;
		};
		1E71A459237997DC00201EE9 /* Build configuration list for PBXNativeTarget "AnalyticsArchitectureCompositionTests" */ = {
			isa = XCConfigurationList;
			buildConfigurations = (
				1E71A45A237997DC00201EE9 /* Debug */,
				1E71A45B237997DC00201EE9 /* Release */,
			);
			defaultConfigurationIsVisible = 0;
			defaultConfigurationName = Release;
		};
/* End XCConfigurationList section */
	};
	rootObject = 1E71A421237993D100201EE9 /* Project object */;
}
